
Microsoft Visual Studio Solution File, Format Version 12.00
# Visual Studio Version 16
VisualStudioVersion = 16.0.29519.181
MinimumVisualStudioVersion = 10.0.40219.1
Project("{FAE04EC0-301F-11D3-BF4B-00C04F79EFBC}") = "ReignTools", "ReignTools\ReignTools.csproj", "{E8C8D400-3E1A-4EFF-A660-A8C184A44F1F}"
EndProject
Project("{FAE04EC0-301F-11D3-BF4B-00C04F79EFBC}") = "ReignToolsUnitTest", "ReignToolsUnitTest\ReignToolsUnitTest.csproj", "{11CFAD21-75DE-482C-B376-E1989D5976A2}"
EndProject
Global
	GlobalSection(SolutionConfigurationPlatforms) = preSolution
		Debug|Any CPU = Debug|Any CPU
		Release|Any CPU = Release|Any CPU
	EndGlobalSection
	GlobalSection(ProjectConfigurationPlatforms) = postSolution
		{E8C8D400-3E1A-4EFF-A660-A8C184A44F1F}.Debug|Any CPU.ActiveCfg = Debug|Any CPU
		{E8C8D400-3E1A-4EFF-A660-A8C184A44F1F}.Debug|Any CPU.Build.0 = Debug|Any CPU
		{E8C8D400-3E1A-4EFF-A660-A8C184A44F1F}.Release|Any CPU.ActiveCfg = Release|Any CPU
		{E8C8D400-3E1A-4EFF-A660-A8C184A44F1F}.Release|Any CPU.Build.0 = Release|Any CPU
		{11CFAD21-75DE-482C-B376-E1989D5976A2}.Debug|Any CPU.ActiveCfg = Debug|Any CPU
		{11CFAD21-75DE-482C-B376-E1989D5976A2}.Debug|Any CPU.Build.0 = Debug|Any CPU
		{11CFAD21-75DE-482C-B376-E1989D5976A2}.Release|Any CPU.ActiveCfg = Release|Any CPU
		{11CFAD21-75DE-482C-B376-E1989D5976A2}.Release|Any CPU.Build.0 = Release|Any CPU
	EndGlobalSection
	GlobalSection(SolutionProperties) = preSolution
		HideSolutionNode = FALSE
	EndGlobalSection
	GlobalSection(ExtensibilityGlobals) = postSolution
		SolutionGuid = {228847F9-312C-4C59-9CBC-AEB36045D4D6}
	EndGlobalSection
EndGlobal
